// !$*UTF8*$!
{
	archiveVersion = 1;
	classes = {
	};
	objectVersion = 55;
	objects = {

/* Begin PBXBuildFile section */
		1117D06D01AFCD3DEE444194 /* ProcessingInstruction.swift in Sources */ = {isa = PBXBuildFile; fileRef = 1117DC9C48DEF06EDAD3B47A /* ProcessingInstruction.swift */; };
		1117D0B5925B7B03A2E95121 /* DTDType.swift in Sources */ = {isa = PBXBuildFile; fileRef = 1117D75DD45E58AFEECFFC6A /* DTDType.swift */; };
		1117D0DBDE9975A3B241BB3E /* EntityRef.swift in Sources */ = {isa = PBXBuildFile; fileRef = 1117D0E2CDCDC1360862B0F1 /* EntityRef.swift */; };
		1117D1C3E0A4E9F7B154EEC1 /* RegexPatterns.swift in Sources */ = {isa = PBXBuildFile; fileRef = 1117D775304EE5495F4B107B /* RegexPatterns.swift */; };
		1117D2676F235739CBC61C61 /* NotationDecl.swift in Sources */ = {isa = PBXBuildFile; fileRef = 1117D77AE3D6F242F78BFF7E /* NotationDecl.swift */; };
		1117D2AADB5F59FB8B5A58BB /* Pullman.h in Headers */ = {isa = PBXBuildFile; fileRef = 1117D8EF86DC32144A533E89 /* Pullman.h */; settings = {ATTRIBUTES = (Public, ); }; };
		1117D40321DA0C5FC35F82DE /* DocumentFragment.swift in Sources */ = {isa = PBXBuildFile; fileRef = 1117D58D92B37E32D19829E3 /* DocumentFragment.swift */; };
		1117D552F0CDBC9F238F8856 /* Events.swift in Sources */ = {isa = PBXBuildFile; fileRef = 1117D59EFB41CDC0CE3A9E31 /* Events.swift */; };
		1117D56EE55FE4A7CE88F68E /* Node.swift in Sources */ = {isa = PBXBuildFile; fileRef = 1117D2ACB84E10468E61E995 /* Node.swift */; };
		1117D5E526E1061EC33C1B7E /* Document.swift in Sources */ = {isa = PBXBuildFile; fileRef = 1117D4CFC5C9D5A75CA99C52 /* Document.swift */; };
		1117D6E84FBE1C5C3101E0C4 /* ElementDecl.swift in Sources */ = {isa = PBXBuildFile; fileRef = 1117DB6F69DE58942CB81951 /* ElementDecl.swift */; };
		1117D72950B6E9188291EF96 /* Element.swift in Sources */ = {isa = PBXBuildFile; fileRef = 1117D13326E0B733D3BC7004 /* Element.swift */; };
		1117D8E3EB8BAB5BBB24347B /* NamedNodeMap.swift in Sources */ = {isa = PBXBuildFile; fileRef = 1117D14873E2E15E316E2B59 /* NamedNodeMap.swift */; };
		1117D9505E3E373713DBF162 /* NSName.swift in Sources */ = {isa = PBXBuildFile; fileRef = 1117DA43B37EC1950E5045D7 /* NSName.swift */; };
		1117D9F3CB02027D0B5A0899 /* DOMError.swift in Sources */ = {isa = PBXBuildFile; fileRef = 1117D2CB58F9E0B5C7FB3E8E /* DOMError.swift */; };
		1117DAA039128944FB9DA14D /* EntityDecl.swift in Sources */ = {isa = PBXBuildFile; fileRef = 1117D53C94BC29AFCB631EE6 /* EntityDecl.swift */; };
		1117DAEC58659F62E2896DEF /* Attribute.swift in Sources */ = {isa = PBXBuildFile; fileRef = 1117D73A94F7592734D21F00 /* Attribute.swift */; };
		1117DB8CF7070453DA37BE9C /* DTDLocated.swift in Sources */ = {isa = PBXBuildFile; fileRef = 1117D2015571966B11CCFD6F /* DTDLocated.swift */; };
		1117DC5B769F8D7FE00116CF /* Utilities.swift in Sources */ = {isa = PBXBuildFile; fileRef = 1117DFC4FFEA7F2B028E2D0B /* Utilities.swift */; };
		1117DD1C5F845C0EB8A8AF20 /* CharacterContent.swift in Sources */ = {isa = PBXBuildFile; fileRef = 1117D148E4309379ED740DD9 /* CharacterContent.swift */; };
		1117DDAA187B6C03F3231B2E /* ParentNode.swift in Sources */ = {isa = PBXBuildFile; fileRef = 1117DB166BF16FAF2D12E653 /* ParentNode.swift */; };
		1117DFC41D140DB190E7321A /* Closures.swift in Sources */ = {isa = PBXBuildFile; fileRef = 1117D29F3156FEF3C987A007 /* Closures.swift */; };
		830F5E65274FC1D600A2F726 /* Pullman.docc in Sources */ = {isa = PBXBuildFile; fileRef = 830F5E64274FC1D600A2F726 /* Pullman.docc */; };
		830F5E6B274FC1D600A2F726 /* Pullman.framework in Frameworks */ = {isa = PBXBuildFile; fileRef = 830F5E60274FC1D600A2F726 /* Pullman.framework */; };
		830F5E70274FC1D600A2F726 /* PullmanTests.swift in Sources */ = {isa = PBXBuildFile; fileRef = 830F5E6F274FC1D600A2F726 /* PullmanTests.swift */; };
		830F5E7C274FC24E00A2F726 /* RedBlackTree in Frameworks */ = {isa = PBXBuildFile; productRef = 830F5E7B274FC24E00A2F726 /* RedBlackTree */; };
		830F5E82274FC2E800A2F726 /* Rubicon in Frameworks */ = {isa = PBXBuildFile; productRef = 830F5E81274FC2E800A2F726 /* Rubicon */; };
/* End PBXBuildFile section */

/* Begin PBXContainerItemProxy section */
		830F5E6C274FC1D600A2F726 /* PBXContainerItemProxy */ = {
			isa = PBXContainerItemProxy;
			containerPortal = 830F5E57274FC1D600A2F726 /* Project object */;
			proxyType = 1;
			remoteGlobalIDString = 830F5E5F274FC1D600A2F726;
			remoteInfo = Pullman;
		};
/* End PBXContainerItemProxy section */

/* Begin PBXFileReference section */
		1117D0E2CDCDC1360862B0F1 /* EntityRef.swift */ = {isa = PBXFileReference; fileEncoding = 4; lastKnownFileType = sourcecode.swift; path = EntityRef.swift; sourceTree = "<group>"; };
		1117D13326E0B733D3BC7004 /* Element.swift */ = {isa = PBXFileReference; fileEncoding = 4; lastKnownFileType = sourcecode.swift; path = Element.swift; sourceTree = "<group>"; };
		1117D14873E2E15E316E2B59 /* NamedNodeMap.swift */ = {isa = PBXFileReference; fileEncoding = 4; lastKnownFileType = sourcecode.swift; path = NamedNodeMap.swift; sourceTree = "<group>"; };
		1117D148E4309379ED740DD9 /* CharacterContent.swift */ = {isa = PBXFileReference; fileEncoding = 4; lastKnownFileType = sourcecode.swift; path = CharacterContent.swift; sourceTree = "<group>"; };
		1117D2015571966B11CCFD6F /* DTDLocated.swift */ = {isa = PBXFileReference; fileEncoding = 4; lastKnownFileType = sourcecode.swift; path = DTDLocated.swift; sourceTree = "<group>"; };
		1117D29F3156FEF3C987A007 /* Closures.swift */ = {isa = PBXFileReference; fileEncoding = 4; lastKnownFileType = sourcecode.swift; path = Closures.swift; sourceTree = "<group>"; };
		1117D2ACB84E10468E61E995 /* Node.swift */ = {isa = PBXFileReference; fileEncoding = 4; lastKnownFileType = sourcecode.swift; path = Node.swift; sourceTree = "<group>"; };
		1117D2CB58F9E0B5C7FB3E8E /* DOMError.swift */ = {isa = PBXFileReference; fileEncoding = 4; lastKnownFileType = sourcecode.swift; path = DOMError.swift; sourceTree = "<group>"; };
		1117D4CFC5C9D5A75CA99C52 /* Document.swift */ = {isa = PBXFileReference; fileEncoding = 4; lastKnownFileType = sourcecode.swift; path = Document.swift; sourceTree = "<group>"; };
		1117D53C94BC29AFCB631EE6 /* EntityDecl.swift */ = {isa = PBXFileReference; fileEncoding = 4; lastKnownFileType = sourcecode.swift; path = EntityDecl.swift; sourceTree = "<group>"; };
		1117D58D92B37E32D19829E3 /* DocumentFragment.swift */ = {isa = PBXFileReference; fileEncoding = 4; lastKnownFileType = sourcecode.swift; path = DocumentFragment.swift; sourceTree = "<group>"; };
		1117D59EFB41CDC0CE3A9E31 /* Events.swift */ = {isa = PBXFileReference; fileEncoding = 4; lastKnownFileType = sourcecode.swift; path = Events.swift; sourceTree = "<group>"; };
		1117D73A94F7592734D21F00 /* Attribute.swift */ = {isa = PBXFileReference; fileEncoding = 4; lastKnownFileType = sourcecode.swift; path = Attribute.swift; sourceTree = "<group>"; };
		1117D75DD45E58AFEECFFC6A /* DTDType.swift */ = {isa = PBXFileReference; fileEncoding = 4; lastKnownFileType = sourcecode.swift; path = DTDType.swift; sourceTree = "<group>"; };
		1117D775304EE5495F4B107B /* RegexPatterns.swift */ = {isa = PBXFileReference; fileEncoding = 4; lastKnownFileType = sourcecode.swift; path = RegexPatterns.swift; sourceTree = "<group>"; };
		1117D77AE3D6F242F78BFF7E /* NotationDecl.swift */ = {isa = PBXFileReference; fileEncoding = 4; lastKnownFileType = sourcecode.swift; path = NotationDecl.swift; sourceTree = "<group>"; };
		1117D8EF86DC32144A533E89 /* Pullman.h */ = {isa = PBXFileReference; fileEncoding = 4; lastKnownFileType = sourcecode.c.h; path = Pullman.h; sourceTree = "<group>"; };
		1117DA43B37EC1950E5045D7 /* NSName.swift */ = {isa = PBXFileReference; fileEncoding = 4; lastKnownFileType = sourcecode.swift; path = NSName.swift; sourceTree = "<group>"; };
		1117DB166BF16FAF2D12E653 /* ParentNode.swift */ = {isa = PBXFileReference; fileEncoding = 4; lastKnownFileType = sourcecode.swift; path = ParentNode.swift; sourceTree = "<group>"; };
		1117DB6F69DE58942CB81951 /* ElementDecl.swift */ = {isa = PBXFileReference; fileEncoding = 4; lastKnownFileType = sourcecode.swift; path = ElementDecl.swift; sourceTree = "<group>"; };
		1117DC9C48DEF06EDAD3B47A /* ProcessingInstruction.swift */ = {isa = PBXFileReference; fileEncoding = 4; lastKnownFileType = sourcecode.swift; path = ProcessingInstruction.swift; sourceTree = "<group>"; };
		1117DFC4FFEA7F2B028E2D0B /* Utilities.swift */ = {isa = PBXFileReference; fileEncoding = 4; lastKnownFileType = sourcecode.swift; path = Utilities.swift; sourceTree = "<group>"; };
		830F5E60274FC1D600A2F726 /* Pullman.framework */ = {isa = PBXFileReference; explicitFileType = wrapper.framework; includeInIndex = 0; path = Pullman.framework; sourceTree = BUILT_PRODUCTS_DIR; };
		830F5E64274FC1D600A2F726 /* Pullman.docc */ = {isa = PBXFileReference; lastKnownFileType = folder.documentationcatalog; path = Pullman.docc; sourceTree = "<group>"; };
		830F5E6A274FC1D600A2F726 /* PullmanTests.xctest */ = {isa = PBXFileReference; explicitFileType = wrapper.cfbundle; includeInIndex = 0; path = PullmanTests.xctest; sourceTree = BUILT_PRODUCTS_DIR; };
		830F5E6F274FC1D600A2F726 /* PullmanTests.swift */ = {isa = PBXFileReference; lastKnownFileType = sourcecode.swift; path = PullmanTests.swift; sourceTree = "<group>"; };
		830F5E83274FC33700A2F726 /* .gitignore */ = {isa = PBXFileReference; lastKnownFileType = text; path = .gitignore; sourceTree = "<group>"; };
		830F5E84274FC33700A2F726 /* LICENSE */ = {isa = PBXFileReference; lastKnownFileType = text; path = LICENSE; sourceTree = "<group>"; };
		830F5E85274FC33700A2F726 /* .jazzy.yaml */ = {isa = PBXFileReference; lastKnownFileType = text.yaml; path = .jazzy.yaml; sourceTree = "<group>"; };
		830F5E86274FC33700A2F726 /* README.md */ = {isa = PBXFileReference; lastKnownFileType = net.daringfireball.markdown; path = README.md; sourceTree = "<group>"; };
/* End PBXFileReference section */

/* Begin PBXFrameworksBuildPhase section */
		830F5E5D274FC1D600A2F726 /* Frameworks */ = {
			isa = PBXFrameworksBuildPhase;
			buildActionMask = 2147483647;
			files = (
				830F5E7C274FC24E00A2F726 /* RedBlackTree in Frameworks */,
				830F5E82274FC2E800A2F726 /* Rubicon in Frameworks */,
			);
			runOnlyForDeploymentPostprocessing = 0;
		};
		830F5E67274FC1D600A2F726 /* Frameworks */ = {
			isa = PBXFrameworksBuildPhase;
			buildActionMask = 2147483647;
			files = (
				830F5E6B274FC1D600A2F726 /* Pullman.framework in Frameworks */,
			);
			runOnlyForDeploymentPostprocessing = 0;
		};
/* End PBXFrameworksBuildPhase section */

/* Begin PBXGroup section */
		1117D1C1FBB12E187BB513F0 /* Other */ = {
			isa = PBXGroup;
			children = (
				1117D8EF86DC32144A533E89 /* Pullman.h */,
			);
			name = Other;
			sourceTree = "<group>";
		};
		1117D39A3DFAD550F74A80F3 /* Support */ = {
			isa = PBXGroup;
			children = (
				1117D2015571966B11CCFD6F /* DTDLocated.swift */,
				1117D75DD45E58AFEECFFC6A /* DTDType.swift */,
			);
			path = Support;
			sourceTree = "<group>";
		};
		1117D743EA897E5B6042CCDB /* DTD */ = {
			isa = PBXGroup;
			children = (
				1117D53C94BC29AFCB631EE6 /* EntityDecl.swift */,
				1117D77AE3D6F242F78BFF7E /* NotationDecl.swift */,
				1117DB6F69DE58942CB81951 /* ElementDecl.swift */,
				1117D39A3DFAD550F74A80F3 /* Support */,
			);
			path = DTD;
			sourceTree = "<group>";
		};
		1117DC09A4D5EB9C974C41B7 /* Support */ = {
			isa = PBXGroup;
			children = (
				1117D29F3156FEF3C987A007 /* Closures.swift */,
				1117D2CB58F9E0B5C7FB3E8E /* DOMError.swift */,
				1117D14873E2E15E316E2B59 /* NamedNodeMap.swift */,
				1117DA43B37EC1950E5045D7 /* NSName.swift */,
				1117DB166BF16FAF2D12E653 /* ParentNode.swift */,
				1117D775304EE5495F4B107B /* RegexPatterns.swift */,
				1117DFC4FFEA7F2B028E2D0B /* Utilities.swift */,
				1117D59EFB41CDC0CE3A9E31 /* Events.swift */,
			);
			path = Support;
			sourceTree = "<group>";
		};
		830F5E56274FC1D600A2F726 = {
			isa = PBXGroup;
			children = (
				830F5E89274FC37000A2F726 /* Tests */,
				830F5E88274FC36900A2F726 /* Sources */,
				830F5E87274FC34700A2F726 /* Other */,
				830F5E61274FC1D600A2F726 /* Products */,
			);
			sourceTree = "<group>";
		};
		830F5E61274FC1D600A2F726 /* Products */ = {
			isa = PBXGroup;
			children = (
				830F5E60274FC1D600A2F726 /* Pullman.framework */,
				830F5E6A274FC1D600A2F726 /* PullmanTests.xctest */,
			);
			name = Products;
			sourceTree = "<group>";
		};
		830F5E62274FC1D600A2F726 /* Pullman */ = {
			isa = PBXGroup;
			children = (
				830F5E64274FC1D600A2F726 /* Pullman.docc */,
				1117D1C1FBB12E187BB513F0 /* Other */,
				1117D2ACB84E10468E61E995 /* Node.swift */,
				1117D73A94F7592734D21F00 /* Attribute.swift */,
				1117D4CFC5C9D5A75CA99C52 /* Document.swift */,
				1117D13326E0B733D3BC7004 /* Element.swift */,
				1117D148E4309379ED740DD9 /* CharacterContent.swift */,
				1117DC9C48DEF06EDAD3B47A /* ProcessingInstruction.swift */,
				1117D0E2CDCDC1360862B0F1 /* EntityRef.swift */,
				1117D743EA897E5B6042CCDB /* DTD */,
				1117DC09A4D5EB9C974C41B7 /* Support */,
				1117D58D92B37E32D19829E3 /* DocumentFragment.swift */,
			);
			path = Pullman;
			sourceTree = "<group>";
		};
		830F5E6E274FC1D600A2F726 /* PullmanTests */ = {
			isa = PBXGroup;
			children = (
				830F5E6F274FC1D600A2F726 /* PullmanTests.swift */,
			);
			path = PullmanTests;
			sourceTree = "<group>";
		};
		830F5E87274FC34700A2F726 /* Other */ = {
			isa = PBXGroup;
			children = (
				830F5E83274FC33700A2F726 /* .gitignore */,
				830F5E85274FC33700A2F726 /* .jazzy.yaml */,
				830F5E84274FC33700A2F726 /* LICENSE */,
				830F5E86274FC33700A2F726 /* README.md */,
			);
			name = Other;
			sourceTree = "<group>";
		};
		830F5E88274FC36900A2F726 /* Sources */ = {
			isa = PBXGroup;
			children = (
				830F5E62274FC1D600A2F726 /* Pullman */,
			);
			path = Sources;
			sourceTree = "<group>";
		};
		830F5E89274FC37000A2F726 /* Tests */ = {
			isa = PBXGroup;
			children = (
				830F5E6E274FC1D600A2F726 /* PullmanTests */,
			);
			path = Tests;
			sourceTree = "<group>";
		};
/* End PBXGroup section */

/* Begin PBXHeadersBuildPhase section */
		830F5E5B274FC1D600A2F726 /* Headers */ = {
			isa = PBXHeadersBuildPhase;
			buildActionMask = 2147483647;
			files = (
				1117D2AADB5F59FB8B5A58BB /* Pullman.h in Headers */,
			);
			runOnlyForDeploymentPostprocessing = 0;
		};
/* End PBXHeadersBuildPhase section */

/* Begin PBXNativeTarget section */
		830F5E5F274FC1D600A2F726 /* Pullman */ = {
			isa = PBXNativeTarget;
			buildConfigurationList = 830F5E74274FC1D600A2F726 /* Build configuration list for PBXNativeTarget "Pullman" */;
			buildPhases = (
				830F5E5B274FC1D600A2F726 /* Headers */,
				830F5E5C274FC1D600A2F726 /* Sources */,
				830F5E5D274FC1D600A2F726 /* Frameworks */,
				830F5E5E274FC1D600A2F726 /* Resources */,
			);
			buildRules = (
			);
			dependencies = (
			);
			name = Pullman;
			packageProductDependencies = (
				830F5E7B274FC24E00A2F726 /* RedBlackTree */,
				830F5E81274FC2E800A2F726 /* Rubicon */,
			);
			productName = Pullman;
			productReference = 830F5E60274FC1D600A2F726 /* Pullman.framework */;
			productType = "com.apple.product-type.framework";
		};
		830F5E69274FC1D600A2F726 /* PullmanTests */ = {
			isa = PBXNativeTarget;
			buildConfigurationList = 830F5E77274FC1D600A2F726 /* Build configuration list for PBXNativeTarget "PullmanTests" */;
			buildPhases = (
				830F5E66274FC1D600A2F726 /* Sources */,
				830F5E67274FC1D600A2F726 /* Frameworks */,
				830F5E68274FC1D600A2F726 /* Resources */,
			);
			buildRules = (
			);
			dependencies = (
				830F5E6D274FC1D600A2F726 /* PBXTargetDependency */,
			);
			name = PullmanTests;
			productName = PullmanTests;
			productReference = 830F5E6A274FC1D600A2F726 /* PullmanTests.xctest */;
			productType = "com.apple.product-type.bundle.unit-test";
		};
/* End PBXNativeTarget section */

/* Begin PBXProject section */
		830F5E57274FC1D600A2F726 /* Project object */ = {
			isa = PBXProject;
			attributes = {
				BuildIndependentTargetsInParallel = 1;
				LastSwiftUpdateCheck = 1310;
				LastUpgradeCheck = 1310;
				TargetAttributes = {
					830F5E5F274FC1D600A2F726 = {
						CreatedOnToolsVersion = 13.1;
					};
					830F5E69274FC1D600A2F726 = {
						CreatedOnToolsVersion = 13.1;
					};
				};
			};
			buildConfigurationList = 830F5E5A274FC1D600A2F726 /* Build configuration list for PBXProject "Pullman" */;
			compatibilityVersion = "Xcode 13.0";
			developmentRegion = en;
			hasScannedForEncodings = 0;
			knownRegions = (
				en,
				Base,
			);
			mainGroup = 830F5E56274FC1D600A2F726;
			packageReferences = (
				830F5E7A274FC24E00A2F726 /* XCRemoteSwiftPackageReference "RedBlackTree" */,
				830F5E80274FC2E800A2F726 /* XCRemoteSwiftPackageReference "Rubicon.git" */,
			);
			productRefGroup = 830F5E61274FC1D600A2F726 /* Products */;
			projectDirPath = "";
			projectRoot = "";
			targets = (
				830F5E5F274FC1D600A2F726 /* Pullman */,
				830F5E69274FC1D600A2F726 /* PullmanTests */,
			);
		};
/* End PBXProject section */

/* Begin PBXResourcesBuildPhase section */
		830F5E5E274FC1D600A2F726 /* Resources */ = {
			isa = PBXResourcesBuildPhase;
			buildActionMask = 2147483647;
			files = (
			);
			runOnlyForDeploymentPostprocessing = 0;
		};
		830F5E68274FC1D600A2F726 /* Resources */ = {
			isa = PBXResourcesBuildPhase;
			buildActionMask = 2147483647;
			files = (
			);
			runOnlyForDeploymentPostprocessing = 0;
		};
/* End PBXResourcesBuildPhase section */

/* Begin PBXSourcesBuildPhase section */
		830F5E5C274FC1D600A2F726 /* Sources */ = {
			isa = PBXSourcesBuildPhase;
			buildActionMask = 2147483647;
			files = (
				830F5E65274FC1D600A2F726 /* Pullman.docc in Sources */,
				1117D56EE55FE4A7CE88F68E /* Node.swift in Sources */,
				1117DAEC58659F62E2896DEF /* Attribute.swift in Sources */,
				1117D5E526E1061EC33C1B7E /* Document.swift in Sources */,
				1117D72950B6E9188291EF96 /* Element.swift in Sources */,
				1117DD1C5F845C0EB8A8AF20 /* CharacterContent.swift in Sources */,
				1117D06D01AFCD3DEE444194 /* ProcessingInstruction.swift in Sources */,
				1117D0DBDE9975A3B241BB3E /* EntityRef.swift in Sources */,
				1117DAA039128944FB9DA14D /* EntityDecl.swift in Sources */,
				1117D2676F235739CBC61C61 /* NotationDecl.swift in Sources */,
				1117D6E84FBE1C5C3101E0C4 /* ElementDecl.swift in Sources */,
				1117DFC41D140DB190E7321A /* Closures.swift in Sources */,
				1117D9F3CB02027D0B5A0899 /* DOMError.swift in Sources */,
				1117D8E3EB8BAB5BBB24347B /* NamedNodeMap.swift in Sources */,
				1117D9505E3E373713DBF162 /* NSName.swift in Sources */,
				1117DDAA187B6C03F3231B2E /* ParentNode.swift in Sources */,
				1117D1C3E0A4E9F7B154EEC1 /* RegexPatterns.swift in Sources */,
				1117DC5B769F8D7FE00116CF /* Utilities.swift in Sources */,
				1117DB8CF7070453DA37BE9C /* DTDLocated.swift in Sources */,
				1117D0B5925B7B03A2E95121 /* DTDType.swift in Sources */,
				1117D40321DA0C5FC35F82DE /* DocumentFragment.swift in Sources */,
				1117D552F0CDBC9F238F8856 /* Events.swift in Sources */,
			);
			runOnlyForDeploymentPostprocessing = 0;
		};
		830F5E66274FC1D600A2F726 /* Sources */ = {
			isa = PBXSourcesBuildPhase;
			buildActionMask = 2147483647;
			files = (
				830F5E70274FC1D600A2F726 /* PullmanTests.swift in Sources */,
			);
			runOnlyForDeploymentPostprocessing = 0;
		};
/* End PBXSourcesBuildPhase section */

/* Begin PBXTargetDependency section */
		830F5E6D274FC1D600A2F726 /* PBXTargetDependency */ = {
			isa = PBXTargetDependency;
			target = 830F5E5F274FC1D600A2F726 /* Pullman */;
			targetProxy = 830F5E6C274FC1D600A2F726 /* PBXContainerItemProxy */;
		};
/* End PBXTargetDependency section */

/* Begin XCBuildConfiguration section */
		830F5E72274FC1D600A2F726 /* Debug */ = {
			isa = XCBuildConfiguration;
			buildSettings = {
				ALWAYS_SEARCH_USER_PATHS = NO;
				CLANG_ANALYZER_NONNULL = YES;
				CLANG_ANALYZER_NUMBER_OBJECT_CONVERSION = YES_AGGRESSIVE;
				CLANG_CXX_LANGUAGE_STANDARD = "gnu++17";
				CLANG_CXX_LIBRARY = "libc++";
				CLANG_ENABLE_MODULES = YES;
				CLANG_ENABLE_OBJC_ARC = YES;
				CLANG_ENABLE_OBJC_WEAK = YES;
				CLANG_WARN_BLOCK_CAPTURE_AUTORELEASING = YES;
				CLANG_WARN_BOOL_CONVERSION = YES;
				CLANG_WARN_COMMA = YES;
				CLANG_WARN_CONSTANT_CONVERSION = YES;
				CLANG_WARN_DEPRECATED_OBJC_IMPLEMENTATIONS = YES;
				CLANG_WARN_DIRECT_OBJC_ISA_USAGE = YES_ERROR;
				CLANG_WARN_DOCUMENTATION_COMMENTS = YES;
				CLANG_WARN_EMPTY_BODY = YES;
				CLANG_WARN_ENUM_CONVERSION = YES;
				CLANG_WARN_INFINITE_RECURSION = YES;
				CLANG_WARN_INT_CONVERSION = YES;
				CLANG_WARN_NON_LITERAL_NULL_CONVERSION = YES;
				CLANG_WARN_OBJC_IMPLICIT_RETAIN_SELF = YES;
				CLANG_WARN_OBJC_LITERAL_CONVERSION = YES;
				CLANG_WARN_OBJC_ROOT_CLASS = YES_ERROR;
				CLANG_WARN_QUOTED_INCLUDE_IN_FRAMEWORK_HEADER = YES;
				CLANG_WARN_RANGE_LOOP_ANALYSIS = YES;
				CLANG_WARN_STRICT_PROTOTYPES = YES;
				CLANG_WARN_SUSPICIOUS_MOVE = YES;
				CLANG_WARN_UNGUARDED_AVAILABILITY = YES_AGGRESSIVE;
				CLANG_WARN_UNREACHABLE_CODE = YES;
				CLANG_WARN__DUPLICATE_METHOD_MATCH = YES;
				COPY_PHASE_STRIP = NO;
				CURRENT_PROJECT_VERSION = 1;
				DEBUG_INFORMATION_FORMAT = dwarf;
				ENABLE_STRICT_OBJC_MSGSEND = YES;
				ENABLE_TESTABILITY = YES;
				GCC_C_LANGUAGE_STANDARD = gnu11;
				GCC_DYNAMIC_NO_PIC = NO;
				GCC_NO_COMMON_BLOCKS = YES;
				GCC_OPTIMIZATION_LEVEL = 0;
				GCC_PREPROCESSOR_DEFINITIONS = (
					"DEBUG=1",
					"$(inherited)",
				);
				GCC_WARN_64_TO_32_BIT_CONVERSION = YES;
				GCC_WARN_ABOUT_RETURN_TYPE = YES_ERROR;
				GCC_WARN_UNDECLARED_SELECTOR = YES;
				GCC_WARN_UNINITIALIZED_AUTOS = YES_AGGRESSIVE;
				GCC_WARN_UNUSED_FUNCTION = YES;
				GCC_WARN_UNUSED_VARIABLE = YES;
				MACOSX_DEPLOYMENT_TARGET = 12.0;
				MTL_ENABLE_DEBUG_INFO = INCLUDE_SOURCE;
				MTL_FAST_MATH = YES;
				ONLY_ACTIVE_ARCH = YES;
				SDKROOT = macosx;
				SWIFT_ACTIVE_COMPILATION_CONDITIONS = DEBUG;
				SWIFT_OPTIMIZATION_LEVEL = "-Onone";
				VERSIONING_SYSTEM = "apple-generic";
				VERSION_INFO_PREFIX = "";
			};
			name = Debug;
		};
		830F5E73274FC1D600A2F726 /* Release */ = {
			isa = XCBuildConfiguration;
			buildSettings = {
				ALWAYS_SEARCH_USER_PATHS = NO;
				CLANG_ANALYZER_NONNULL = YES;
				CLANG_ANALYZER_NUMBER_OBJECT_CONVERSION = YES_AGGRESSIVE;
				CLANG_CXX_LANGUAGE_STANDARD = "gnu++17";
				CLANG_CXX_LIBRARY = "libc++";
				CLANG_ENABLE_MODULES = YES;
				CLANG_ENABLE_OBJC_ARC = YES;
				CLANG_ENABLE_OBJC_WEAK = YES;
				CLANG_WARN_BLOCK_CAPTURE_AUTORELEASING = YES;
				CLANG_WARN_BOOL_CONVERSION = YES;
				CLANG_WARN_COMMA = YES;
				CLANG_WARN_CONSTANT_CONVERSION = YES;
				CLANG_WARN_DEPRECATED_OBJC_IMPLEMENTATIONS = YES;
				CLANG_WARN_DIRECT_OBJC_ISA_USAGE = YES_ERROR;
				CLANG_WARN_DOCUMENTATION_COMMENTS = YES;
				CLANG_WARN_EMPTY_BODY = YES;
				CLANG_WARN_ENUM_CONVERSION = YES;
				CLANG_WARN_INFINITE_RECURSION = YES;
				CLANG_WARN_INT_CONVERSION = YES;
				CLANG_WARN_NON_LITERAL_NULL_CONVERSION = YES;
				CLANG_WARN_OBJC_IMPLICIT_RETAIN_SELF = YES;
				CLANG_WARN_OBJC_LITERAL_CONVERSION = YES;
				CLANG_WARN_OBJC_ROOT_CLASS = YES_ERROR;
				CLANG_WARN_QUOTED_INCLUDE_IN_FRAMEWORK_HEADER = YES;
				CLANG_WARN_RANGE_LOOP_ANALYSIS = YES;
				CLANG_WARN_STRICT_PROTOTYPES = YES;
				CLANG_WARN_SUSPICIOUS_MOVE = YES;
				CLANG_WARN_UNGUARDED_AVAILABILITY = YES_AGGRESSIVE;
				CLANG_WARN_UNREACHABLE_CODE = YES;
				CLANG_WARN__DUPLICATE_METHOD_MATCH = YES;
				COPY_PHASE_STRIP = NO;
				CURRENT_PROJECT_VERSION = 1;
				DEBUG_INFORMATION_FORMAT = "dwarf-with-dsym";
				ENABLE_NS_ASSERTIONS = NO;
				ENABLE_STRICT_OBJC_MSGSEND = YES;
				GCC_C_LANGUAGE_STANDARD = gnu11;
				GCC_NO_COMMON_BLOCKS = YES;
				GCC_WARN_64_TO_32_BIT_CONVERSION = YES;
				GCC_WARN_ABOUT_RETURN_TYPE = YES_ERROR;
				GCC_WARN_UNDECLARED_SELECTOR = YES;
				GCC_WARN_UNINITIALIZED_AUTOS = YES_AGGRESSIVE;
				GCC_WARN_UNUSED_FUNCTION = YES;
				GCC_WARN_UNUSED_VARIABLE = YES;
				MACOSX_DEPLOYMENT_TARGET = 12.0;
				MTL_ENABLE_DEBUG_INFO = NO;
				MTL_FAST_MATH = YES;
				SDKROOT = macosx;
				SWIFT_COMPILATION_MODE = wholemodule;
				SWIFT_OPTIMIZATION_LEVEL = "-O";
				VERSIONING_SYSTEM = "apple-generic";
				VERSION_INFO_PREFIX = "";
			};
			name = Release;
		};
		830F5E75274FC1D600A2F726 /* Debug */ = {
			isa = XCBuildConfiguration;
			buildSettings = {
				CODE_SIGN_STYLE = Automatic;
				COMBINE_HIDPI_IMAGES = YES;
				CURRENT_PROJECT_VERSION = 1;
				DEFINES_MODULE = YES;
				DEVELOPMENT_TEAM = Q5XWZ7S7E9;
				DYLIB_COMPATIBILITY_VERSION = 1;
				DYLIB_CURRENT_VERSION = 1;
				DYLIB_INSTALL_NAME_BASE = "@rpath";
				GENERATE_INFOPLIST_FILE = YES;
				INFOPLIST_KEY_NSHumanReadableCopyright = "";
				INSTALL_PATH = "$(LOCAL_LIBRARY_DIR)/Frameworks";
				LD_RUNPATH_SEARCH_PATHS = (
					"$(inherited)",
					"@executable_path/../Frameworks",
					"@loader_path/Frameworks",
				);
				MARKETING_VERSION = 1.0;
				PRODUCT_BUNDLE_IDENTIFIER = com.projectgalen.Pullman;
				PRODUCT_NAME = "$(TARGET_NAME:c99extidentifier)";
				SKIP_INSTALL = YES;
				SWIFT_EMIT_LOC_STRINGS = YES;
				SWIFT_VERSION = 5.0;
			};
			name = Debug;
		};
		830F5E76274FC1D600A2F726 /* Release */ = {
			isa = XCBuildConfiguration;
			buildSettings = {
				CODE_SIGN_STYLE = Automatic;
				COMBINE_HIDPI_IMAGES = YES;
				CURRENT_PROJECT_VERSION = 1;
				DEFINES_MODULE = YES;
				DEVELOPMENT_TEAM = Q5XWZ7S7E9;
				DYLIB_COMPATIBILITY_VERSION = 1;
				DYLIB_CURRENT_VERSION = 1;
				DYLIB_INSTALL_NAME_BASE = "@rpath";
				GENERATE_INFOPLIST_FILE = YES;
				INFOPLIST_KEY_NSHumanReadableCopyright = "";
				INSTALL_PATH = "$(LOCAL_LIBRARY_DIR)/Frameworks";
				LD_RUNPATH_SEARCH_PATHS = (
					"$(inherited)",
					"@executable_path/../Frameworks",
					"@loader_path/Frameworks",
				);
				MARKETING_VERSION = 1.0;
				PRODUCT_BUNDLE_IDENTIFIER = com.projectgalen.Pullman;
				PRODUCT_NAME = "$(TARGET_NAME:c99extidentifier)";
				SKIP_INSTALL = YES;
				SWIFT_EMIT_LOC_STRINGS = YES;
				SWIFT_VERSION = 5.0;
			};
			name = Release;
		};
		830F5E78274FC1D600A2F726 /* Debug */ = {
			isa = XCBuildConfiguration;
			buildSettings = {
				CODE_SIGN_STYLE = Automatic;
				COMBINE_HIDPI_IMAGES = YES;
				CURRENT_PROJECT_VERSION = 1;
				DEVELOPMENT_TEAM = Q5XWZ7S7E9;
				GENERATE_INFOPLIST_FILE = YES;
				LD_RUNPATH_SEARCH_PATHS = (
					"$(inherited)",
					"@executable_path/../Frameworks",
					"@loader_path/../Frameworks",
				);
				MARKETING_VERSION = 1.0;
				PRODUCT_BUNDLE_IDENTIFIER = com.projectgalen.PullmanTests;
				PRODUCT_NAME = "$(TARGET_NAME)";
				SWIFT_EMIT_LOC_STRINGS = NO;
				SWIFT_VERSION = 5.0;
			};
			name = Debug;
		};
		830F5E79274FC1D600A2F726 /* Release */ = {
			isa = XCBuildConfiguration;
			buildSettings = {
				CODE_SIGN_STYLE = Automatic;
				COMBINE_HIDPI_IMAGES = YES;
				CURRENT_PROJECT_VERSION = 1;
				DEVELOPMENT_TEAM = Q5XWZ7S7E9;
				GENERATE_INFOPLIST_FILE = YES;
				LD_RUNPATH_SEARCH_PATHS = (
					"$(inherited)",
					"@executable_path/../Frameworks",
					"@loader_path/../Frameworks",
				);
				MARKETING_VERSION = 1.0;
				PRODUCT_BUNDLE_IDENTIFIER = com.projectgalen.PullmanTests;
				PRODUCT_NAME = "$(TARGET_NAME)";
				SWIFT_EMIT_LOC_STRINGS = NO;
				SWIFT_VERSION = 5.0;
			};
			name = Release;
		};
/* End XCBuildConfiguration section */

/* Begin XCConfigurationList section */
		830F5E5A274FC1D600A2F726 /* Build configuration list for PBXProject "Pullman" */ = {
			isa = XCConfigurationList;
			buildConfigurations = (
				830F5E72274FC1D600A2F726 /* Debug */,
				830F5E73274FC1D600A2F726 /* Release */,
			);
			defaultConfigurationIsVisible = 0;
			defaultConfigurationName = Release;
		};
		830F5E74274FC1D600A2F726 /* Build configuration list for PBXNativeTarget "Pullman" */ = {
			isa = XCConfigurationList;
			buildConfigurations = (
				830F5E75274FC1D600A2F726 /* Debug */,
				830F5E76274FC1D600A2F726 /* Release */,
			);
			defaultConfigurationIsVisible = 0;
			defaultConfigurationName = Release;
		};
		830F5E77274FC1D600A2F726 /* Build configuration list for PBXNativeTarget "PullmanTests" */ = {
			isa = XCConfigurationList;
			buildConfigurations = (
				830F5E78274FC1D600A2F726 /* Debug */,
				830F5E79274FC1D600A2F726 /* Release */,
			);
			defaultConfigurationIsVisible = 0;
			defaultConfigurationName = Release;
		};
/* End XCConfigurationList section */

/* Begin XCRemoteSwiftPackageReference section */
		830F5E7A274FC24E00A2F726 /* XCRemoteSwiftPackageReference "RedBlackTree" */ = {
			isa = XCRemoteSwiftPackageReference;
			repositoryURL = "https://github.com/GalenRhodes/RedBlackTree";
			requirement = {
				kind = upToNextMajorVersion;
				minimumVersion = 2.0.0;
			};
		};
		830F5E80274FC2E800A2F726 /* XCRemoteSwiftPackageReference "Rubicon.git" */ = {
			isa = XCRemoteSwiftPackageReference;
			repositoryURL = "https://github.com/GalenRhodes/Rubicon.git";
			requirement = {
				kind = upToNextMinorVersion;
				minimumVersion = 0.9.0;
			};
		};
/* End XCRemoteSwiftPackageReference section */

/* Begin XCSwiftPackageProductDependency section */
		830F5E7B274FC24E00A2F726 /* RedBlackTree */ = {
			isa = XCSwiftPackageProductDependency;
			package = 830F5E7A274FC24E00A2F726 /* XCRemoteSwiftPackageReference "RedBlackTree" */;
			productName = RedBlackTree;
		};
		830F5E81274FC2E800A2F726 /* Rubicon */ = {
			isa = XCSwiftPackageProductDependency;
			package = 830F5E80274FC2E800A2F726 /* XCRemoteSwiftPackageReference "Rubicon.git" */;
			productName = Rubicon;
		};
/* End XCSwiftPackageProductDependency section */
	};
	rootObject = 830F5E57274FC1D600A2F726 /* Project object */;
}
